
Microsoft Visual Studio Solution File, Format Version 10.00
# Visual C# Express 2008
Project("{FAE04EC0-301F-11D3-BF4B-00C04F79EFBC}") = "TemperatureReader", "TemperatureReader\TemperatureReader.csproj", "{B50CDD12-2D1C-4CF8-B21A-31A03165E13C}"
EndProject
Project("{FAE04EC0-301F-11D3-BF4B-00C04F79EFBC}") = "TemperatureConsole", "TemperatureConsole\TemperatureConsole.csproj", "{980FC2E9-992A-455D-B081-1F1C606E59AB}"
EndProject
Global
	GlobalSection(SolutionConfigurationPlatforms) = preSolution
		Debug|Any CPU = Debug|Any CPU
		Release|Any CPU = Release|Any CPU
	EndGlobalSection
	GlobalSection(ProjectConfigurationPlatforms) = postSolution
		{B50CDD12-2D1C-4CF8-B21A-31A03165E13C}.Debug|Any CPU.ActiveCfg = Debug|Any CPU
		{B50CDD12-2D1C-4CF8-B21A-31A03165E13C}.Debug|Any CPU.Build.0 = Debug|Any CPU
		{B50CDD12-2D1C-4CF8-B21A-31A03165E13C}.Release|Any CPU.ActiveCfg = Release|Any CPU
		{B50CDD12-2D1C-4CF8-B21A-31A03165E13C}.Release|Any CPU.Build.0 = Release|Any CPU
		{980FC2E9-992A-455D-B081-1F1C606E59AB}.Debug|Any CPU.ActiveCfg = Debug|Any CPU
		{980FC2E9-992A-455D-B081-1F1C606E59AB}.Debug|Any CPU.Build.0 = Debug|Any CPU
		{980FC2E9-992A-455D-B081-1F1C606E59AB}.Release|Any CPU.ActiveCfg = Release|Any CPU
		{980FC2E9-992A-455D-B081-1F1C606E59AB}.Release|Any CPU.Build.0 = Release|Any CPU
	EndGlobalSection
	GlobalSection(SolutionProperties) = preSolution
		HideSolutionNode = FALSE
	EndGlobalSection
EndGlobal
